
Microsoft Visual Studio Solution File, Format Version 12.00
# Visual Studio Version 17
VisualStudioVersion = 17.9.34616.47
MinimumVisualStudioVersion = 10.0.40219.1
Project("{FAE04EC0-301F-11D3-BF4B-00C04F79EFBC}") = "DacsReborn", "DacsReborn\DacsReborn.csproj", "{18762251-0618-4324-81CB-54226AE58EC6}"
EndProject
Global
	GlobalSection(SolutionConfigurationPlatforms) = preSolution
		Debug|Any CPU = Debug|Any CPU
		Release|Any CPU = Release|Any CPU
	EndGlobalSection
	GlobalSection(ProjectConfigurationPlatforms) = postSolution
		{18762251-0618-4324-81CB-54226AE58EC6}.Debug|Any CPU.ActiveCfg = Debug|Any CPU
		{18762251-0618-4324-81CB-54226AE58EC6}.Debug|Any CPU.Build.0 = Debug|Any CPU
		{18762251-0618-4324-81CB-54226AE58EC6}.Release|Any CPU.ActiveCfg = Release|Any CPU
		{18762251-0618-4324-81CB-54226AE58EC6}.Release|Any CPU.Build.0 = Release|Any CPU
	EndGlobalSection
	GlobalSection(SolutionProperties) = preSolution
		HideSolutionNode = FALSE
	EndGlobalSection
	GlobalSection(ExtensibilityGlobals) = postSolution
		SolutionGuid = {57B6A7B4-463C-4FF6-A73E-7EB31F4A7278}
	EndGlobalSection
EndGlobal
